// !$*UTF8*$!
{
	archiveVersion = 1;
	classes = {
	};
	objectVersion = 50;
	objects = {

/* Begin PBXBuildFile section */
		200FA6FD213DA5E9003B29F4 /* main.cpp in Sources */ = {isa = PBXBuildFile; fileRef = 200FA6FC213DA5E9003B29F4 /* main.cpp */; };
		200FA70B213DB2AF003B29F4 /* OrderDef.cpp in Sources */ = {isa = PBXBuildFile; fileRef = 200FA709213DB2AF003B29F4 /* OrderDef.cpp */; };
		204DF423213F016B00724CE5 /* concrete_timer.cpp in Sources */ = {isa = PBXBuildFile; fileRef = 204DF421213F016B00724CE5 /* concrete_timer.cpp */; };
/* End PBXBuildFile section */

/* Begin PBXCopyFilesBuildPhase section */
		200FA6F7213DA5E9003B29F4 /* CopyFiles */ = {
			isa = PBXCopyFilesBuildPhase;
			buildActionMask = 2147483647;
			dstPath = /usr/share/man/man1/;
			dstSubfolderSpec = 0;
			files = (
			);
			runOnlyForDeploymentPostprocessing = 1;
		};
/* End PBXCopyFilesBuildPhase section */

/* Begin PBXFileReference section */
		200FA6F9213DA5E9003B29F4 /* OrderThrottler */ = {isa = PBXFileReference; explicitFileType = "compiled.mach-o.executable"; includeInIndex = 0; path = OrderThrottler; sourceTree = BUILT_PRODUCTS_DIR; };
		200FA6FC213DA5E9003B29F4 /* main.cpp */ = {isa = PBXFileReference; lastKnownFileType = sourcecode.cpp.cpp; path = main.cpp; sourceTree = "<group>"; };
		200FA709213DB2AF003B29F4 /* OrderDef.cpp */ = {isa = PBXFileReference; lastKnownFileType = sourcecode.cpp.cpp; path = OrderDef.cpp; sourceTree = "<group>"; };
		200FA70A213DB2AF003B29F4 /* OrderDef.hpp */ = {isa = PBXFileReference; lastKnownFileType = sourcecode.cpp.h; path = OrderDef.hpp; sourceTree = "<group>"; };
		204D89D8214059EC0065B052 /* SimpleOrderRouter.h */ = {isa = PBXFileReference; lastKnownFileType = sourcecode.c.h; path = SimpleOrderRouter.h; sourceTree = "<group>"; };
		204DF41E213EF7DA00724CE5 /* session_throttle.h */ = {isa = PBXFileReference; lastKnownFileType = sourcecode.c.h; path = session_throttle.h; sourceTree = "<group>"; };
		204DF41F213EF84B00724CE5 /* session_throttle_inl.h */ = {isa = PBXFileReference; lastKnownFileType = sourcecode.c.h; path = session_throttle_inl.h; sourceTree = "<group>"; };
		204DF420213EFF7800724CE5 /* timer.h */ = {isa = PBXFileReference; lastKnownFileType = sourcecode.c.h; path = timer.h; sourceTree = "<group>"; };
		204DF421213F016B00724CE5 /* concrete_timer.cpp */ = {isa = PBXFileReference; lastKnownFileType = sourcecode.cpp.cpp; path = concrete_timer.cpp; sourceTree = "<group>"; };
		204DF422213F016B00724CE5 /* concrete_timer.hpp */ = {isa = PBXFileReference; lastKnownFileType = sourcecode.cpp.h; path = concrete_timer.hpp; sourceTree = "<group>"; };
/* End PBXFileReference section */

/* Begin PBXFrameworksBuildPhase section */
		200FA6F6213DA5E9003B29F4 /* Frameworks */ = {
			isa = PBXFrameworksBuildPhase;
			buildActionMask = 2147483647;
			files = (
			);
			runOnlyForDeploymentPostprocessing = 0;
		};
/* End PBXFrameworksBuildPhase section */

/* Begin PBXGroup section */
		200FA6F0213DA5E9003B29F4 = {
			isa = PBXGroup;
			children = (
				200FA6FB213DA5E9003B29F4 /* OrderThrottler */,
				200FA6FA213DA5E9003B29F4 /* Products */,
			);
			sourceTree = "<group>";
		};
		200FA6FA213DA5E9003B29F4 /* Products */ = {
			isa = PBXGroup;
			children = (
				200FA6F9213DA5E9003B29F4 /* OrderThrottler */,
			);
			name = Products;
			sourceTree = "<group>";
		};
		200FA6FB213DA5E9003B29F4 /* OrderThrottler */ = {
			isa = PBXGroup;
			children = (
				200FA6FC213DA5E9003B29F4 /* main.cpp */,
				200FA709213DB2AF003B29F4 /* OrderDef.cpp */,
				200FA70A213DB2AF003B29F4 /* OrderDef.hpp */,
				204DF41E213EF7DA00724CE5 /* session_throttle.h */,
				204DF41F213EF84B00724CE5 /* session_throttle_inl.h */,
				204DF420213EFF7800724CE5 /* timer.h */,
				204DF421213F016B00724CE5 /* concrete_timer.cpp */,
				204DF422213F016B00724CE5 /* concrete_timer.hpp */,
				204D89D8214059EC0065B052 /* SimpleOrderRouter.h */,
			);
			path = OrderThrottler;
			sourceTree = "<group>";
		};
/* End PBXGroup section */

/* Begin PBXNativeTarget section */
		200FA6F8213DA5E9003B29F4 /* OrderThrottler */ = {
			isa = PBXNativeTarget;
			buildConfigurationList = 200FA700213DA5E9003B29F4 /* Build configuration list for PBXNativeTarget "OrderThrottler" */;
			buildPhases = (
				200FA6F5213DA5E9003B29F4 /* Sources */,
				200FA6F6213DA5E9003B29F4 /* Frameworks */,
				200FA6F7213DA5E9003B29F4 /* CopyFiles */,
			);
			buildRules = (
			);
			dependencies = (
			);
			name = OrderThrottler;
			productName = OrderThrottler;
			productReference = 200FA6F9213DA5E9003B29F4 /* OrderThrottler */;
			productType = "com.apple.product-type.tool";
		};
/* End PBXNativeTarget section */

/* Begin PBXProject section */
		200FA6F1213DA5E9003B29F4 /* Project object */ = {
			isa = PBXProject;
			attributes = {
				LastUpgradeCheck = 0940;
				ORGANIZATIONNAME = "Vagesh Vaibhav";
				TargetAttributes = {
					200FA6F8213DA5E9003B29F4 = {
						CreatedOnToolsVersion = 9.4.1;
					};
				};
			};
			buildConfigurationList = 200FA6F4213DA5E9003B29F4 /* Build configuration list for PBXProject "OrderThrottler" */;
			compatibilityVersion = "Xcode 9.3";
			developmentRegion = en;
			hasScannedForEncodings = 0;
			knownRegions = (
				en,
			);
			mainGroup = 200FA6F0213DA5E9003B29F4;
			productRefGroup = 200FA6FA213DA5E9003B29F4 /* Products */;
			projectDirPath = "";
			projectRoot = "";
			targets = (
				200FA6F8213DA5E9003B29F4 /* OrderThrottler */,
			);
		};
/* End PBXProject section */

/* Begin PBXSourcesBuildPhase section */
		200FA6F5213DA5E9003B29F4 /* Sources */ = {
			isa = PBXSourcesBuildPhase;
			buildActionMask = 2147483647;
			files = (
				200FA6FD213DA5E9003B29F4 /* main.cpp in Sources */,
				200FA70B213DB2AF003B29F4 /* OrderDef.cpp in Sources */,
				204DF423213F016B00724CE5 /* concrete_timer.cpp in Sources */,
			);
			runOnlyForDeploymentPostprocessing = 0;
		};
/* End PBXSourcesBuildPhase section */

/* Begin XCBuildConfiguration section */
		200FA6FE213DA5E9003B29F4 /* Debug */ = {
			isa = XCBuildConfiguration;
			buildSettings = {
				ALWAYS_SEARCH_USER_PATHS = NO;
				CLANG_ANALYZER_NONNULL = YES;
				CLANG_ANALYZER_NUMBER_OBJECT_CONVERSION = YES_AGGRESSIVE;
				CLANG_CXX_LANGUAGE_STANDARD = "gnu++14";
				CLANG_CXX_LIBRARY = "libc++";
				CLANG_ENABLE_MODULES = YES;
				CLANG_ENABLE_OBJC_ARC = YES;
				CLANG_ENABLE_OBJC_WEAK = YES;
				CLANG_WARN_BLOCK_CAPTURE_AUTORELEASING = YES;
				CLANG_WARN_BOOL_CONVERSION = YES;
				CLANG_WARN_COMMA = YES;
				CLANG_WARN_CONSTANT_CONVERSION = YES;
				CLANG_WARN_DEPRECATED_OBJC_IMPLEMENTATIONS = YES;
				CLANG_WARN_DIRECT_OBJC_ISA_USAGE = YES_ERROR;
				CLANG_WARN_DOCUMENTATION_COMMENTS = YES;
				CLANG_WARN_EMPTY_BODY = YES;
				CLANG_WARN_ENUM_CONVERSION = YES;
				CLANG_WARN_INFINITE_RECURSION = YES;
				CLANG_WARN_INT_CONVERSION = YES;
				CLANG_WARN_NON_LITERAL_NULL_CONVERSION = YES;
				CLANG_WARN_OBJC_IMPLICIT_RETAIN_SELF = YES;
				CLANG_WARN_OBJC_LITERAL_CONVERSION = YES;
				CLANG_WARN_OBJC_ROOT_CLASS = YES_ERROR;
				CLANG_WARN_RANGE_LOOP_ANALYSIS = YES;
				CLANG_WARN_STRICT_PROTOTYPES = YES;
				CLANG_WARN_SUSPICIOUS_MOVE = YES;
				CLANG_WARN_UNGUARDED_AVAILABILITY = YES_AGGRESSIVE;
				CLANG_WARN_UNREACHABLE_CODE = YES;
				CLANG_WARN__DUPLICATE_METHOD_MATCH = YES;
				CODE_SIGN_IDENTITY = "-";
				COPY_PHASE_STRIP = NO;
				DEBUG_INFORMATION_FORMAT = dwarf;
				ENABLE_STRICT_OBJC_MSGSEND = YES;
				ENABLE_TESTABILITY = YES;
				GCC_C_LANGUAGE_STANDARD = gnu11;
				GCC_DYNAMIC_NO_PIC = NO;
				GCC_NO_COMMON_BLOCKS = YES;
				GCC_OPTIMIZATION_LEVEL = 0;
				GCC_PREPROCESSOR_DEFINITIONS = (
					"DEBUG=1",
					"$(inherited)",
				);
				GCC_WARN_64_TO_32_BIT_CONVERSION = YES;
				GCC_WARN_ABOUT_RETURN_TYPE = YES_ERROR;
				GCC_WARN_UNDECLARED_SELECTOR = YES;
				GCC_WARN_UNINITIALIZED_AUTOS = YES_AGGRESSIVE;
				GCC_WARN_UNUSED_FUNCTION = YES;
				GCC_WARN_UNUSED_VARIABLE = YES;
				MACOSX_DEPLOYMENT_TARGET = 10.13;
				MTL_ENABLE_DEBUG_INFO = YES;
				ONLY_ACTIVE_ARCH = YES;
				SDKROOT = macosx;
			};
			name = Debug;
		};
		200FA6FF213DA5E9003B29F4 /* Release */ = {
			isa = XCBuildConfiguration;
			buildSettings = {
				ALWAYS_SEARCH_USER_PATHS = NO;
				CLANG_ANALYZER_NONNULL = YES;
				CLANG_ANALYZER_NUMBER_OBJECT_CONVERSION = YES_AGGRESSIVE;
				CLANG_CXX_LANGUAGE_STANDARD = "gnu++14";
				CLANG_CXX_LIBRARY = "libc++";
				CLANG_ENABLE_MODULES = YES;
				CLANG_ENABLE_OBJC_ARC = YES;
				CLANG_ENABLE_OBJC_WEAK = YES;
				CLANG_WARN_BLOCK_CAPTURE_AUTORELEASING = YES;
				CLANG_WARN_BOOL_CONVERSION = YES;
				CLANG_WARN_COMMA = YES;
				CLANG_WARN_CONSTANT_CONVERSION = YES;
				CLANG_WARN_DEPRECATED_OBJC_IMPLEMENTATIONS = YES;
				CLANG_WARN_DIRECT_OBJC_ISA_USAGE = YES_ERROR;
				CLANG_WARN_DOCUMENTATION_COMMENTS = YES;
				CLANG_WARN_EMPTY_BODY = YES;
				CLANG_WARN_ENUM_CONVERSION = YES;
				CLANG_WARN_INFINITE_RECURSION = YES;
				CLANG_WARN_INT_CONVERSION = YES;
				CLANG_WARN_NON_LITERAL_NULL_CONVERSION = YES;
				CLANG_WARN_OBJC_IMPLICIT_RETAIN_SELF = YES;
				CLANG_WARN_OBJC_LITERAL_CONVERSION = YES;
				CLANG_WARN_OBJC_ROOT_CLASS = YES_ERROR;
				CLANG_WARN_RANGE_LOOP_ANALYSIS = YES;
				CLANG_WARN_STRICT_PROTOTYPES = YES;
				CLANG_WARN_SUSPICIOUS_MOVE = YES;
				CLANG_WARN_UNGUARDED_AVAILABILITY = YES_AGGRESSIVE;
				CLANG_WARN_UNREACHABLE_CODE = YES;
				CLANG_WARN__DUPLICATE_METHOD_MATCH = YES;
				CODE_SIGN_IDENTITY = "-";
				COPY_PHASE_STRIP = NO;
				DEBUG_INFORMATION_FORMAT = "dwarf-with-dsym";
				ENABLE_NS_ASSERTIONS = NO;
				ENABLE_STRICT_OBJC_MSGSEND = YES;
				GCC_C_LANGUAGE_STANDARD = gnu11;
				GCC_NO_COMMON_BLOCKS = YES;
				GCC_WARN_64_TO_32_BIT_CONVERSION = YES;
				GCC_WARN_ABOUT_RETURN_TYPE = YES_ERROR;
				GCC_WARN_UNDECLARED_SELECTOR = YES;
				GCC_WARN_UNINITIALIZED_AUTOS = YES_AGGRESSIVE;
				GCC_WARN_UNUSED_FUNCTION = YES;
				GCC_WARN_UNUSED_VARIABLE = YES;
				MACOSX_DEPLOYMENT_TARGET = 10.13;
				MTL_ENABLE_DEBUG_INFO = NO;
				SDKROOT = macosx;
			};
			name = Release;
		};
		200FA701213DA5E9003B29F4 /* Debug */ = {
			isa = XCBuildConfiguration;
			buildSettings = {
				CODE_SIGN_STYLE = Automatic;
				HEADER_SEARCH_PATHS = /usr/local/Cellar/boost/1.67.0_1/include;
				LIBRARY_SEARCH_PATHS = /usr/local/Cellar/boost/1.67.0_1/lib/;
				PRODUCT_NAME = "$(TARGET_NAME)";
			};
			name = Debug;
		};
		200FA702213DA5E9003B29F4 /* Release */ = {
			isa = XCBuildConfiguration;
			buildSettings = {
				CODE_SIGN_STYLE = Automatic;
				HEADER_SEARCH_PATHS = /usr/local/Cellar/boost/1.67.0_1/include;
				LIBRARY_SEARCH_PATHS = /usr/local/Cellar/boost/1.67.0_1/lib/;
				PRODUCT_NAME = "$(TARGET_NAME)";
			};
			name = Release;
		};
/* End XCBuildConfiguration section */

/* Begin XCConfigurationList section */
		200FA6F4213DA5E9003B29F4 /* Build configuration list for PBXProject "OrderThrottler" */ = {
			isa = XCConfigurationList;
			buildConfigurations = (
				200FA6FE213DA5E9003B29F4 /* Debug */,
				200FA6FF213DA5E9003B29F4 /* Release */,
			);
			defaultConfigurationIsVisible = 0;
			defaultConfigurationName = Release;
		};
		200FA700213DA5E9003B29F4 /* Build configuration list for PBXNativeTarget "OrderThrottler" */ = {
			isa = XCConfigurationList;
			buildConfigurations = (
				200FA701213DA5E9003B29F4 /* Debug */,
				200FA702213DA5E9003B29F4 /* Release */,
			);
			defaultConfigurationIsVisible = 0;
			defaultConfigurationName = Release;
		};
/* End XCConfigurationList section */
	};
	rootObject = 200FA6F1213DA5E9003B29F4 /* Project object */;
}
